
Microsoft Visual Studio Solution File, Format Version 12.00
# Visual Studio 15
VisualStudioVersion = 15.0.27703.2047
MinimumVisualStudioVersion = 10.0.40219.1
Project("{FAE04EC0-301F-11D3-BF4B-00C04F79EFBC}") = "MagickNet.Sample", "MagickNet.Sample\MagickNet.Sample.csproj", "{3289E297-3A33-4C07-8484-941EEFD7D18A}"
EndProject
Global
	GlobalSection(SolutionConfigurationPlatforms) = preSolution
		Debug|Any CPU = Debug|Any CPU
		Release|Any CPU = Release|Any CPU
	EndGlobalSection
	GlobalSection(ProjectConfigurationPlatforms) = postSolution
		{3289E297-3A33-4C07-8484-941EEFD7D18A}.Debug|Any CPU.ActiveCfg = Debug|Any CPU
		{3289E297-3A33-4C07-8484-941EEFD7D18A}.Debug|Any CPU.Build.0 = Debug|Any CPU
		{3289E297-3A33-4C07-8484-941EEFD7D18A}.Release|Any CPU.ActiveCfg = Release|Any CPU
		{3289E297-3A33-4C07-8484-941EEFD7D18A}.Release|Any CPU.Build.0 = Release|Any CPU
	EndGlobalSection
	GlobalSection(SolutionProperties) = preSolution
		HideSolutionNode = FALSE
	EndGlobalSection
	GlobalSection(ExtensibilityGlobals) = postSolution
		SolutionGuid = {E412C12A-DC54-4513-BDF8-4FAD1D72009A}
	EndGlobalSection
EndGlobal
